{
  "nodes": {
    "compiler-rt": {
      "flake": false,
      "locked": {
        "narHash": "sha256-nNivqg2yD+1x3tEuVUGp6nEjWkE6JrTwsNd+hz3aKZ4=",
        "type": "file",
        "url": "https://github.com/llvm/llvm-project/releases/download/llvmorg-14.0.6/compiler-rt-14.0.6.src.tar.xz"
      },
      "original": {
        "type": "file",
        "url": "https://github.com/llvm/llvm-project/releases/download/llvmorg-14.0.6/compiler-rt-14.0.6.src.tar.xz"
      }
    },
    "fastclick": {
      "flake": false,
      "locked": {
        "lastModified": 1730729627,
        "narHash": "sha256-KMvX32/x9kk5HPULD6h1AIukFghYJmWCMZCaxnu/Xmo=",
        "ref": "refs/heads/main",
        "rev": "199ca4e2c2a52a96e6edb4ca62e41223da395109",
        "revCount": 12758,
        "type": "git",
        "url": "https://github.com/tbarbette/fastclick.git"
      },
      "original": {
        "type": "git",
        "url": "https://github.com/tbarbette/fastclick.git"
      }
    },
    "fenix": {
      "inputs": {
        "nixpkgs": [
          "nixpkgs"
        ],
        "rust-analyzer-src": "rust-analyzer-src"
      },
      "locked": {
        "lastModified": 1736318091,
        "narHash": "sha256-RkRHXZaMgOMGgkW2YmEqxxDDYRiGFbfr1JuaI0VrCKo=",
        "owner": "nix-community",
        "repo": "fenix",
        "rev": "9e13860d50cbfd42e79101a516e1939c7723f093",
        "type": "github"
      },
      "original": {
        "owner": "nix-community",
        "repo": "fenix",
        "type": "github"
      }
    },
    "flake-utils": {
      "inputs": {
        "systems": "systems"
      },
      "locked": {
        "lastModified": 1710146030,
        "narHash": "sha256-SZ5L6eA7HJ/nmkzGG7/ISclqe6oZdOZTNoesiInkXPQ=",
        "owner": "numtide",
        "repo": "flake-utils",
        "rev": "b1d9ab70662946ef0850d488da1c9019f3a9752a",
        "type": "github"
      },
      "original": {
        "owner": "numtide",
        "repo": "flake-utils",
        "type": "github"
      }
    },
    "lib-compiler-rt": {
      "flake": false,
      "locked": {
        "lastModified": 1697821086,
        "narHash": "sha256-mPe7a3elXtqFiopaO5uknSkpV51HtPkZ3GfAb1gY52Y=",
        "owner": "unikraft",
        "repo": "lib-compiler-rt",
        "rev": "e728010e59a7277147884cfb31c9946aa12543e9",
        "type": "github"
      },
      "original": {
        "owner": "unikraft",
        "ref": "stable",
        "repo": "lib-compiler-rt",
        "type": "github"
      }
    },
    "lib-libcxx": {
      "flake": false,
      "locked": {
        "lastModified": 1697820946,
        "narHash": "sha256-6he39G26GPfwNhycXhLIBYA4dMDm0eKQ9Ls+whRWi0g=",
        "owner": "unikraft",
        "repo": "lib-libcxx",
        "rev": "980bcedd35d7dac8a12f4c7537bae5689b578739",
        "type": "github"
      },
      "original": {
        "owner": "unikraft",
        "ref": "stable",
        "repo": "lib-libcxx",
        "type": "github"
      }
    },
    "lib-libcxxabi": {
      "flake": false,
      "locked": {
        "lastModified": 1697820977,
        "narHash": "sha256-WJKct4qhNeG/2GyBinwvUBOpmvUkTLB8zenNfIpnwAE=",
        "owner": "unikraft",
        "repo": "lib-libcxxabi",
        "rev": "6105b8a26bb084c4e59068c83fe667e591bd4fe3",
        "type": "github"
      },
      "original": {
        "owner": "unikraft",
        "ref": "stable",
        "repo": "lib-libcxxabi",
        "type": "github"
      }
    },
    "lib-libunwind": {
      "flake": false,
      "locked": {
        "lastModified": 1700502930,
        "narHash": "sha256-UuOcbz3LRBVETuggQAno01wHQls4sty3MK2gyLioayQ=",
        "owner": "unikraft",
        "repo": "lib-libunwind",
        "rev": "c00929901c1b07d3587c50c7a28ae58f9918f68f",
        "type": "github"
      },
      "original": {
        "owner": "unikraft",
        "ref": "stable",
        "repo": "lib-libunwind",
        "type": "github"
      }
    },
    "lib-musl": {
      "flake": false,
      "locked": {
        "lastModified": 1717457302,
        "narHash": "sha256-cCEceRdVNjv3WfjVmJuZvWkU7HmCWS5wEQ17GD+/avY=",
        "owner": "unikraft",
        "repo": "lib-musl",
        "rev": "e1627255ba67677efa0b7f2990e34bc053e5e2c7",
        "type": "github"
      },
      "original": {
        "owner": "unikraft",
        "ref": "stable",
        "repo": "lib-musl",
        "type": "github"
      }
    },
    "lib-openssl": {
      "flake": false,
      "locked": {
        "lastModified": 1717457347,
        "narHash": "sha256-VinxVcJL0Kvzq8igZE6sWcafude1iqw50FW7yGQSMLU=",
        "owner": "unikraft",
        "repo": "lib-openssl",
        "rev": "20ab0db15d62562a68d1bfbc3a5ae81ea4389918",
        "type": "github"
      },
      "original": {
        "owner": "unikraft",
        "ref": "stable",
        "repo": "lib-openssl",
        "type": "github"
      }
    },
    "libcxx": {
      "flake": false,
      "locked": {
        "narHash": "sha256-Zyn1lTxYViCpf7n1PZmAuqk7sD28kIyB2Dhk258ToMQ=",
        "type": "file",
        "url": "https://github.com/llvm/llvm-project/releases/download/llvmorg-14.0.6/libcxx-14.0.6.src.tar.xz"
      },
      "original": {
        "type": "file",
        "url": "https://github.com/llvm/llvm-project/releases/download/llvmorg-14.0.6/libcxx-14.0.6.src.tar.xz"
      }
    },
    "libcxxabi": {
      "flake": false,
      "locked": {
        "narHash": "sha256-vELSFsKDdOpbb6iA/KGshMnLpRsJxmCwib40kErFVgM=",
        "type": "file",
        "url": "https://github.com/llvm/llvm-project/releases/download/llvmorg-14.0.6/libcxxabi-14.0.6.src.tar.xz"
      },
      "original": {
        "type": "file",
        "url": "https://github.com/llvm/llvm-project/releases/download/llvmorg-14.0.6/libcxxabi-14.0.6.src.tar.xz"
      }
    },
    "libunwind": {
      "flake": false,
      "locked": {
        "narHash": "sha256-Wu07iOLJY2aX/yD0+lqjF9ROljaOqOAoerx6ZY03m7Y=",
        "type": "file",
        "url": "https://github.com/llvm/llvm-project/releases/download/llvmorg-14.0.6/libunwind-14.0.6.src.tar.xz"
      },
      "original": {
        "type": "file",
        "url": "https://github.com/llvm/llvm-project/releases/download/llvmorg-14.0.6/libunwind-14.0.6.src.tar.xz"
      }
    },
    "musl": {
      "flake": false,
      "locked": {
        "narHash": "sha256-QNdPqJKijrQlnbp14t75RdIe5rwoH+BJ1ZHD7uTCTxo=",
        "type": "file",
        "url": "https://www.musl-libc.org/releases/musl-1.2.3.tar.gz"
      },
      "original": {
        "type": "file",
        "url": "https://www.musl-libc.org/releases/musl-1.2.3.tar.gz"
      }
    },
    "nixpkgs": {
      "locked": {
        "lastModified": 1714409183,
        "narHash": "sha256-Wacm/DrzLD7mjFGnSxxyGkJgg2unU/dNdNgdngBH+RU=",
        "owner": "NixOS",
        "repo": "nixpkgs",
        "rev": "576ecd43d3b864966b4423a853412d6177775e8b",
        "type": "github"
      },
      "original": {
        "owner": "NixOS",
        "ref": "nixos-23.11",
        "repo": "nixpkgs",
        "type": "github"
      }
    },
    "og-click": {
      "flake": false,
      "locked": {
        "lastModified": 1656924237,
        "narHash": "sha256-4Y5UlO6B/dmHNebP+MtndyEC0ctI0t7bB1i0XIxmG+A=",
        "ref": "refs/heads/master",
        "rev": "9197a594b1c314264935106297aff08d97cbe7ee",
        "revCount": 10856,
        "type": "git",
        "url": "https://github.com/kohler/click.git"
      },
      "original": {
        "type": "git",
        "url": "https://github.com/kohler/click.git"
      }
    },
    "openssl": {
      "flake": false,
      "locked": {
        "narHash": "sha256-BYVzC1KlA2kwzPj1gaOOu5HyG6UpzrgOc15uFxZERac=",
        "type": "file",
        "url": "https://www.openssl.org/source/old/1.1.1/openssl-1.1.1c.tar.gz"
      },
      "original": {
        "type": "file",
        "url": "https://www.openssl.org/source/old/1.1.1/openssl-1.1.1c.tar.gz"
      }
    },
    "root": {
      "inputs": {
        "compiler-rt": "compiler-rt",
        "fastclick": "fastclick",
        "fenix": "fenix",
        "flake-utils": "flake-utils",
        "lib-compiler-rt": "lib-compiler-rt",
        "lib-libcxx": "lib-libcxx",
        "lib-libcxxabi": "lib-libcxxabi",
        "lib-libunwind": "lib-libunwind",
        "lib-musl": "lib-musl",
        "lib-openssl": "lib-openssl",
        "libcxx": "libcxx",
        "libcxxabi": "libcxxabi",
        "libunwind": "libunwind",
        "musl": "musl",
        "nixpkgs": "nixpkgs",
        "og-click": "og-click",
        "openssl": "openssl",
        "unikraft": "unikraft",
        "unikraft_click": "unikraft_click",
        "unstablepkgs": "unstablepkgs"
      }
    },
    "rust-analyzer-src": {
      "flake": false,
      "locked": {
        "lastModified": 1736266405,
        "narHash": "sha256-V2FDSb8YjuquZduBRNp5niWYlWurja2yGN6Xzh5GPYk=",
        "owner": "rust-lang",
        "repo": "rust-analyzer",
        "rev": "91fc0a239af4e56b84b1d3974ac0f34dcc99b895",
        "type": "github"
      },
      "original": {
        "owner": "rust-lang",
        "ref": "nightly",
        "repo": "rust-analyzer",
        "type": "github"
      }
    },
    "systems": {
      "locked": {
        "lastModified": 1681028828,
        "narHash": "sha256-Vy1rq5AaRuLzOxct8nz4T6wlgyUR7zLU309k9mBC768=",
        "owner": "nix-systems",
        "repo": "default",
        "rev": "da67096a3b9bf56a91d16901293e51ba5b49a27e",
        "type": "github"
      },
      "original": {
        "owner": "nix-systems",
        "repo": "default",
        "type": "github"
      }
    },
    "unikraft": {
      "flake": false,
      "locked": {
        "lastModified": 1710966246,
        "narHash": "sha256-prYb7vjps7cQA5Cfaf9tofBqk8xOMhFJjGpZ3I369iQ=",
        "owner": "unikraft",
        "repo": "unikraft",
        "rev": "e453b74a2e78a0de98563d75d8e0a97e668088e6",
        "type": "github"
      },
      "original": {
        "owner": "unikraft",
        "ref": "RELEASE-0.16.3",
        "repo": "unikraft",
        "type": "github"
      }
    },
    "unikraft_click": {
      "flake": false,
      "locked": {
        "narHash": "sha256-6FHxiYqOZcGnaXEXNz+vHj7/Wm7oTJO+prCa35q/j68=",
        "type": "file",
        "url": "https://codeload.github.com/kohler/click/zip/a5384835a6cac10f8d44da4eeea8eaa8f8e6a0c2"
      },
      "original": {
        "type": "file",
        "url": "https://codeload.github.com/kohler/click/zip/a5384835a6cac10f8d44da4eeea8eaa8f8e6a0c2"
      }
    },
    "unstablepkgs": {
      "locked": {
        "lastModified": 1733212471,
        "narHash": "sha256-M1+uCoV5igihRfcUKrr1riygbe73/dzNnzPsmaLCmpo=",
        "owner": "NixOS",
        "repo": "nixpkgs",
        "rev": "55d15ad12a74eb7d4646254e13638ad0c4128776",
        "type": "github"
      },
      "original": {
        "owner": "NixOS",
        "ref": "nixos-unstable",
        "repo": "nixpkgs",
        "type": "github"
      }
    }
  },
  "root": "root",
  "version": 7
}
